
Microsoft Visual Studio Solution File, Format Version 12.00
# Visual Studio 14
VisualStudioVersion = 14.0.25123.0
MinimumVisualStudioVersion = 10.0.40219.1
Project("{8BC9CEB8-8B4A-11D0-8D11-00A0C91BC942}") = "BitManipulation", "BitManipulation\BitManipulation.vcxproj", "{783ED08D-6CC7-4486-ACAF-6BC0EB81ECF0}"
EndProject
Project("{2150E333-8FDC-42A3-9474-1A3956D46DE8}") = "Tests", "Tests", "{A2C58988-4657-43BD-B06D-6E8CC5308281}"
EndProject
Project("{8BC9CEB8-8B4A-11D0-8D11-00A0C91BC942}") = "BitManipulation.Tests", "BitManipulation.Tests\BitManipulation.Tests.vcxproj", "{43A6C26C-9551-4A8F-A79E-4929BCB3D4BD}"
EndProject
Project("{8BC9CEB8-8B4A-11D0-8D11-00A0C91BC942}") = "RecognizePattern", "RecognizePattern\RecognizePattern.vcxproj", "{DC4E6D67-C08C-4B9B-9D31-822E19023A64}"
EndProject
Project("{8BC9CEB8-8B4A-11D0-8D11-00A0C91BC942}") = "RecognizePattern.Tests", "RecognizePattern.Tests\RecognizePattern.Tests.vcxproj", "{3271D0F3-6270-4B87-AED1-A86AC553546C}"
EndProject
Project("{8BC9CEB8-8B4A-11D0-8D11-00A0C91BC942}") = "CustomStrings.Tests", "CustomStrings.Tests\CustomStrings.Tests.vcxproj", "{6D5C1843-28FC-4B99-B662-06F58F6ACA9D}"
EndProject
Project("{8BC9CEB8-8B4A-11D0-8D11-00A0C91BC942}") = "CustomStrings", "CustomStrings\CustomStrings.vcxproj", "{D414A707-3AE9-4C92-9DFC-5523E697EEB0}"
EndProject
Project("{8BC9CEB8-8B4A-11D0-8D11-00A0C91BC942}") = "RegualExpressions", "RegualExpressions\RegualExpressions.vcxproj", "{167D0BB3-1E02-4B33-92B7-2DB91814FAF2}"
EndProject
Project("{8BC9CEB8-8B4A-11D0-8D11-00A0C91BC942}") = "RegularExpressions.Tests", "RegularExpressions.Tests\RegularExpressions.Tests.vcxproj", "{9C7E69AF-F6E0-439F-AE5F-F8A3EC0D518B}"
EndProject
Project("{8BC9CEB8-8B4A-11D0-8D11-00A0C91BC942}") = "StupidlyAnnoyingManualTestApp", "StupidlyAnnoyingManualTestApp\StupidlyAnnoyingManualTestApp.vcxproj", "{84CC83B5-B0B2-4D0A-B239-8B2283633FCD}"
EndProject
Project("{8BC9CEB8-8B4A-11D0-8D11-00A0C91BC942}") = "StupidlyAnnoyingManualTestApp++", "StupidlyAnnoyingManualTestApp++\StupidlyAnnoyingManualTestApp++.vcxproj", "{4D03CE3F-DF78-45BD-97CE-3717B0355BBC}"
EndProject
Global
	GlobalSection(SolutionConfigurationPlatforms) = preSolution
		Debug|x64 = Debug|x64
		Debug|x86 = Debug|x86
		Release|x64 = Release|x64
		Release|x86 = Release|x86
	EndGlobalSection
	GlobalSection(ProjectConfigurationPlatforms) = postSolution
		{783ED08D-6CC7-4486-ACAF-6BC0EB81ECF0}.Debug|x64.ActiveCfg = Debug|x64
		{783ED08D-6CC7-4486-ACAF-6BC0EB81ECF0}.Debug|x64.Build.0 = Debug|x64
		{783ED08D-6CC7-4486-ACAF-6BC0EB81ECF0}.Debug|x86.ActiveCfg = Debug|Win32
		{783ED08D-6CC7-4486-ACAF-6BC0EB81ECF0}.Debug|x86.Build.0 = Debug|Win32
		{783ED08D-6CC7-4486-ACAF-6BC0EB81ECF0}.Release|x64.ActiveCfg = Release|x64
		{783ED08D-6CC7-4486-ACAF-6BC0EB81ECF0}.Release|x64.Build.0 = Release|x64
		{783ED08D-6CC7-4486-ACAF-6BC0EB81ECF0}.Release|x86.ActiveCfg = Release|Win32
		{783ED08D-6CC7-4486-ACAF-6BC0EB81ECF0}.Release|x86.Build.0 = Release|Win32
		{43A6C26C-9551-4A8F-A79E-4929BCB3D4BD}.Debug|x64.ActiveCfg = Debug|x64
		{43A6C26C-9551-4A8F-A79E-4929BCB3D4BD}.Debug|x64.Build.0 = Debug|x64
		{43A6C26C-9551-4A8F-A79E-4929BCB3D4BD}.Debug|x86.ActiveCfg = Debug|Win32
		{43A6C26C-9551-4A8F-A79E-4929BCB3D4BD}.Debug|x86.Build.0 = Debug|Win32
		{43A6C26C-9551-4A8F-A79E-4929BCB3D4BD}.Release|x64.ActiveCfg = Release|x64
		{43A6C26C-9551-4A8F-A79E-4929BCB3D4BD}.Release|x64.Build.0 = Release|x64
		{43A6C26C-9551-4A8F-A79E-4929BCB3D4BD}.Release|x86.ActiveCfg = Release|Win32
		{43A6C26C-9551-4A8F-A79E-4929BCB3D4BD}.Release|x86.Build.0 = Release|Win32
		{DC4E6D67-C08C-4B9B-9D31-822E19023A64}.Debug|x64.ActiveCfg = Debug|x64
		{DC4E6D67-C08C-4B9B-9D31-822E19023A64}.Debug|x64.Build.0 = Debug|x64
		{DC4E6D67-C08C-4B9B-9D31-822E19023A64}.Debug|x86.ActiveCfg = Debug|Win32
		{DC4E6D67-C08C-4B9B-9D31-822E19023A64}.Debug|x86.Build.0 = Debug|Win32
		{DC4E6D67-C08C-4B9B-9D31-822E19023A64}.Release|x64.ActiveCfg = Release|x64
		{DC4E6D67-C08C-4B9B-9D31-822E19023A64}.Release|x64.Build.0 = Release|x64
		{DC4E6D67-C08C-4B9B-9D31-822E19023A64}.Release|x86.ActiveCfg = Release|Win32
		{DC4E6D67-C08C-4B9B-9D31-822E19023A64}.Release|x86.Build.0 = Release|Win32
		{3271D0F3-6270-4B87-AED1-A86AC553546C}.Debug|x64.ActiveCfg = Debug|x64
		{3271D0F3-6270-4B87-AED1-A86AC553546C}.Debug|x64.Build.0 = Debug|x64
		{3271D0F3-6270-4B87-AED1-A86AC553546C}.Debug|x86.ActiveCfg = Debug|Win32
		{3271D0F3-6270-4B87-AED1-A86AC553546C}.Debug|x86.Build.0 = Debug|Win32
		{3271D0F3-6270-4B87-AED1-A86AC553546C}.Release|x64.ActiveCfg = Release|x64
		{3271D0F3-6270-4B87-AED1-A86AC553546C}.Release|x64.Build.0 = Release|x64
		{3271D0F3-6270-4B87-AED1-A86AC553546C}.Release|x86.ActiveCfg = Release|Win32
		{3271D0F3-6270-4B87-AED1-A86AC553546C}.Release|x86.Build.0 = Release|Win32
		{6D5C1843-28FC-4B99-B662-06F58F6ACA9D}.Debug|x64.ActiveCfg = Debug|x64
		{6D5C1843-28FC-4B99-B662-06F58F6ACA9D}.Debug|x64.Build.0 = Debug|x64
		{6D5C1843-28FC-4B99-B662-06F58F6ACA9D}.Debug|x86.ActiveCfg = Debug|Win32
		{6D5C1843-28FC-4B99-B662-06F58F6ACA9D}.Debug|x86.Build.0 = Debug|Win32
		{6D5C1843-28FC-4B99-B662-06F58F6ACA9D}.Release|x64.ActiveCfg = Release|x64
		{6D5C1843-28FC-4B99-B662-06F58F6ACA9D}.Release|x64.Build.0 = Release|x64
		{6D5C1843-28FC-4B99-B662-06F58F6ACA9D}.Release|x86.ActiveCfg = Release|Win32
		{6D5C1843-28FC-4B99-B662-06F58F6ACA9D}.Release|x86.Build.0 = Release|Win32
		{D414A707-3AE9-4C92-9DFC-5523E697EEB0}.Debug|x64.ActiveCfg = Debug|x64
		{D414A707-3AE9-4C92-9DFC-5523E697EEB0}.Debug|x64.Build.0 = Debug|x64
		{D414A707-3AE9-4C92-9DFC-5523E697EEB0}.Debug|x86.ActiveCfg = Debug|Win32
		{D414A707-3AE9-4C92-9DFC-5523E697EEB0}.Debug|x86.Build.0 = Debug|Win32
		{D414A707-3AE9-4C92-9DFC-5523E697EEB0}.Release|x64.ActiveCfg = Release|x64
		{D414A707-3AE9-4C92-9DFC-5523E697EEB0}.Release|x64.Build.0 = Release|x64
		{D414A707-3AE9-4C92-9DFC-5523E697EEB0}.Release|x86.ActiveCfg = Release|Win32
		{D414A707-3AE9-4C92-9DFC-5523E697EEB0}.Release|x86.Build.0 = Release|Win32
		{167D0BB3-1E02-4B33-92B7-2DB91814FAF2}.Debug|x64.ActiveCfg = Debug|x64
		{167D0BB3-1E02-4B33-92B7-2DB91814FAF2}.Debug|x64.Build.0 = Debug|x64
		{167D0BB3-1E02-4B33-92B7-2DB91814FAF2}.Debug|x86.ActiveCfg = Debug|Win32
		{167D0BB3-1E02-4B33-92B7-2DB91814FAF2}.Debug|x86.Build.0 = Debug|Win32
		{167D0BB3-1E02-4B33-92B7-2DB91814FAF2}.Release|x64.ActiveCfg = Release|x64
		{167D0BB3-1E02-4B33-92B7-2DB91814FAF2}.Release|x64.Build.0 = Release|x64
		{167D0BB3-1E02-4B33-92B7-2DB91814FAF2}.Release|x86.ActiveCfg = Release|Win32
		{167D0BB3-1E02-4B33-92B7-2DB91814FAF2}.Release|x86.Build.0 = Release|Win32
		{9C7E69AF-F6E0-439F-AE5F-F8A3EC0D518B}.Debug|x64.ActiveCfg = Debug|x64
		{9C7E69AF-F6E0-439F-AE5F-F8A3EC0D518B}.Debug|x64.Build.0 = Debug|x64
		{9C7E69AF-F6E0-439F-AE5F-F8A3EC0D518B}.Debug|x86.ActiveCfg = Debug|Win32
		{9C7E69AF-F6E0-439F-AE5F-F8A3EC0D518B}.Debug|x86.Build.0 = Debug|Win32
		{9C7E69AF-F6E0-439F-AE5F-F8A3EC0D518B}.Release|x64.ActiveCfg = Release|x64
		{9C7E69AF-F6E0-439F-AE5F-F8A3EC0D518B}.Release|x64.Build.0 = Release|x64
		{9C7E69AF-F6E0-439F-AE5F-F8A3EC0D518B}.Release|x86.ActiveCfg = Release|Win32
		{9C7E69AF-F6E0-439F-AE5F-F8A3EC0D518B}.Release|x86.Build.0 = Release|Win32
		{84CC83B5-B0B2-4D0A-B239-8B2283633FCD}.Debug|x64.ActiveCfg = Debug|x64
		{84CC83B5-B0B2-4D0A-B239-8B2283633FCD}.Debug|x64.Build.0 = Debug|x64
		{84CC83B5-B0B2-4D0A-B239-8B2283633FCD}.Debug|x86.ActiveCfg = Debug|Win32
		{84CC83B5-B0B2-4D0A-B239-8B2283633FCD}.Debug|x86.Build.0 = Debug|Win32
		{84CC83B5-B0B2-4D0A-B239-8B2283633FCD}.Release|x64.ActiveCfg = Release|x64
		{84CC83B5-B0B2-4D0A-B239-8B2283633FCD}.Release|x64.Build.0 = Release|x64
		{84CC83B5-B0B2-4D0A-B239-8B2283633FCD}.Release|x86.ActiveCfg = Release|Win32
		{84CC83B5-B0B2-4D0A-B239-8B2283633FCD}.Release|x86.Build.0 = Release|Win32
		{4D03CE3F-DF78-45BD-97CE-3717B0355BBC}.Debug|x64.ActiveCfg = Debug|x64
		{4D03CE3F-DF78-45BD-97CE-3717B0355BBC}.Debug|x64.Build.0 = Debug|x64
		{4D03CE3F-DF78-45BD-97CE-3717B0355BBC}.Debug|x86.ActiveCfg = Debug|Win32
		{4D03CE3F-DF78-45BD-97CE-3717B0355BBC}.Debug|x86.Build.0 = Debug|Win32
		{4D03CE3F-DF78-45BD-97CE-3717B0355BBC}.Release|x64.ActiveCfg = Release|x64
		{4D03CE3F-DF78-45BD-97CE-3717B0355BBC}.Release|x64.Build.0 = Release|x64
		{4D03CE3F-DF78-45BD-97CE-3717B0355BBC}.Release|x86.ActiveCfg = Release|Win32
		{4D03CE3F-DF78-45BD-97CE-3717B0355BBC}.Release|x86.Build.0 = Release|Win32
	EndGlobalSection
	GlobalSection(SolutionProperties) = preSolution
		HideSolutionNode = FALSE
	EndGlobalSection
	GlobalSection(NestedProjects) = preSolution
		{43A6C26C-9551-4A8F-A79E-4929BCB3D4BD} = {A2C58988-4657-43BD-B06D-6E8CC5308281}
		{3271D0F3-6270-4B87-AED1-A86AC553546C} = {A2C58988-4657-43BD-B06D-6E8CC5308281}
		{6D5C1843-28FC-4B99-B662-06F58F6ACA9D} = {A2C58988-4657-43BD-B06D-6E8CC5308281}
		{9C7E69AF-F6E0-439F-AE5F-F8A3EC0D518B} = {A2C58988-4657-43BD-B06D-6E8CC5308281}
		{84CC83B5-B0B2-4D0A-B239-8B2283633FCD} = {A2C58988-4657-43BD-B06D-6E8CC5308281}
		{4D03CE3F-DF78-45BD-97CE-3717B0355BBC} = {A2C58988-4657-43BD-B06D-6E8CC5308281}
	EndGlobalSection
EndGlobal
